
Microsoft Visual Studio Solution File, Format Version 12.00
# Visual Studio Version 16
VisualStudioVersion = 16.0.32228.343
MinimumVisualStudioVersion = 10.0.40219.1
Project("{FAE04EC0-301F-11D3-BF4B-00C04F79EFBC}") = "TestProject1", "TestProject1\TestProject1.csproj", "{6C692866-50F3-4018-9778-03FDA517427E}"
EndProject
Global
	GlobalSection(SolutionConfigurationPlatforms) = preSolution
		Debug|Any CPU = Debug|Any CPU
		Release|Any CPU = Release|Any CPU
	EndGlobalSection
	GlobalSection(ProjectConfigurationPlatforms) = postSolution
		{6C692866-50F3-4018-9778-03FDA517427E}.Debug|Any CPU.ActiveCfg = Debug|Any CPU
		{6C692866-50F3-4018-9778-03FDA517427E}.Debug|Any CPU.Build.0 = Debug|Any CPU
		{6C692866-50F3-4018-9778-03FDA517427E}.Release|Any CPU.ActiveCfg = Release|Any CPU
		{6C692866-50F3-4018-9778-03FDA517427E}.Release|Any CPU.Build.0 = Release|Any CPU
	EndGlobalSection
	GlobalSection(SolutionProperties) = preSolution
		HideSolutionNode = FALSE
	EndGlobalSection
	GlobalSection(ExtensibilityGlobals) = postSolution
		SolutionGuid = {F8A3257E-FD49-44A1-B124-998AF740F019}
	EndGlobalSection
EndGlobal
